
Microsoft Visual Studio Solution File, Format Version 12.00
# Visual Studio Version 16
VisualStudioVersion = 16.0.30114.105
MinimumVisualStudioVersion = 10.0.40219.1
Project("{FAE04EC0-301F-11D3-BF4B-00C04F79EFBC}") = "client", "client\client.csproj", "{1BBE6D67-1DB0-40D2-8B44-5ECF17BE02E9}"
EndProject
Project("{FAE04EC0-301F-11D3-BF4B-00C04F79EFBC}") = "heitech.ShopwareIntegration.State", "heitech.ShopwareIntegration.State\heitech.ShopwareIntegration.State.csproj", "{D6DF8909-B8A0-495B-9916-292FEF864972}"
EndProject
Project("{FAE04EC0-301F-11D3-BF4B-00C04F79EFBC}") = "heitech.ShopwareIntegration.State.Tests", "heitech.ShopwareIntegration.State.Tests\heitech.ShopwareIntegration.State.Tests.csproj", "{2A82B48C-D171-4F44-AADA-F1DD9C775697}"
EndProject
Global
	GlobalSection(SolutionConfigurationPlatforms) = preSolution
		Debug|Any CPU = Debug|Any CPU
		Release|Any CPU = Release|Any CPU
	EndGlobalSection
	GlobalSection(SolutionProperties) = preSolution
		HideSolutionNode = FALSE
	EndGlobalSection
	GlobalSection(ProjectConfigurationPlatforms) = postSolution
		{1BBE6D67-1DB0-40D2-8B44-5ECF17BE02E9}.Debug|Any CPU.ActiveCfg = Debug|Any CPU
		{1BBE6D67-1DB0-40D2-8B44-5ECF17BE02E9}.Debug|Any CPU.Build.0 = Debug|Any CPU
		{1BBE6D67-1DB0-40D2-8B44-5ECF17BE02E9}.Release|Any CPU.ActiveCfg = Release|Any CPU
		{1BBE6D67-1DB0-40D2-8B44-5ECF17BE02E9}.Release|Any CPU.Build.0 = Release|Any CPU
		{27968424-84FF-4DF3-B7ED-E650E2DC49E6}.Debug|Any CPU.ActiveCfg = Debug|Any CPU
		{27968424-84FF-4DF3-B7ED-E650E2DC49E6}.Debug|Any CPU.Build.0 = Debug|Any CPU
		{27968424-84FF-4DF3-B7ED-E650E2DC49E6}.Release|Any CPU.ActiveCfg = Release|Any CPU
		{27968424-84FF-4DF3-B7ED-E650E2DC49E6}.Release|Any CPU.Build.0 = Release|Any CPU
		{24822101-A664-4A53-96F5-919216D4E82D}.Debug|Any CPU.ActiveCfg = Debug|Any CPU
		{24822101-A664-4A53-96F5-919216D4E82D}.Debug|Any CPU.Build.0 = Debug|Any CPU
		{24822101-A664-4A53-96F5-919216D4E82D}.Release|Any CPU.ActiveCfg = Release|Any CPU
		{24822101-A664-4A53-96F5-919216D4E82D}.Release|Any CPU.Build.0 = Release|Any CPU
		{D6DF8909-B8A0-495B-9916-292FEF864972}.Debug|Any CPU.ActiveCfg = Debug|Any CPU
		{D6DF8909-B8A0-495B-9916-292FEF864972}.Debug|Any CPU.Build.0 = Debug|Any CPU
		{D6DF8909-B8A0-495B-9916-292FEF864972}.Release|Any CPU.ActiveCfg = Release|Any CPU
		{D6DF8909-B8A0-495B-9916-292FEF864972}.Release|Any CPU.Build.0 = Release|Any CPU
		{2A82B48C-D171-4F44-AADA-F1DD9C775697}.Debug|Any CPU.ActiveCfg = Debug|Any CPU
		{2A82B48C-D171-4F44-AADA-F1DD9C775697}.Debug|Any CPU.Build.0 = Debug|Any CPU
		{2A82B48C-D171-4F44-AADA-F1DD9C775697}.Release|Any CPU.ActiveCfg = Release|Any CPU
		{2A82B48C-D171-4F44-AADA-F1DD9C775697}.Release|Any CPU.Build.0 = Release|Any CPU
	EndGlobalSection
EndGlobal
