
Microsoft Visual Studio Solution File, Format Version 12.00
# Visual Studio Version 16
VisualStudioVersion = 16.0.30114.105
MinimumVisualStudioVersion = 10.0.40219.1
Project("{FAE04EC0-301F-11D3-BF4B-00C04F79EFBC}") = "client", "client\client.csproj", "{1BBE6D67-1DB0-40D2-8B44-5ECF17BE02E9}"
EndProject
Project("{FAE04EC0-301F-11D3-BF4B-00C04F79EFBC}") = "ShopwareIntegration", "shopwareintegration\ShopwareIntegration.csproj", "{73FC3E06-2A06-4205-B5A5-8E0681DDA9B9}"
EndProject
Project("{FAE04EC0-301F-11D3-BF4B-00C04F79EFBC}") = "tests", "tests\tests.csproj", "{11E9F27E-D2FC-4B94-B2FE-41B16A3B6488}"
EndProject
Global
	GlobalSection(SolutionConfigurationPlatforms) = preSolution
		Debug|Any CPU = Debug|Any CPU
		Release|Any CPU = Release|Any CPU
	EndGlobalSection
	GlobalSection(SolutionProperties) = preSolution
		HideSolutionNode = FALSE
	EndGlobalSection
	GlobalSection(ProjectConfigurationPlatforms) = postSolution
		{1BBE6D67-1DB0-40D2-8B44-5ECF17BE02E9}.Debug|Any CPU.ActiveCfg = Debug|Any CPU
		{1BBE6D67-1DB0-40D2-8B44-5ECF17BE02E9}.Debug|Any CPU.Build.0 = Debug|Any CPU
		{1BBE6D67-1DB0-40D2-8B44-5ECF17BE02E9}.Release|Any CPU.ActiveCfg = Release|Any CPU
		{1BBE6D67-1DB0-40D2-8B44-5ECF17BE02E9}.Release|Any CPU.Build.0 = Release|Any CPU
		{27968424-84FF-4DF3-B7ED-E650E2DC49E6}.Debug|Any CPU.ActiveCfg = Debug|Any CPU
		{27968424-84FF-4DF3-B7ED-E650E2DC49E6}.Debug|Any CPU.Build.0 = Debug|Any CPU
		{27968424-84FF-4DF3-B7ED-E650E2DC49E6}.Release|Any CPU.ActiveCfg = Release|Any CPU
		{27968424-84FF-4DF3-B7ED-E650E2DC49E6}.Release|Any CPU.Build.0 = Release|Any CPU
		{24822101-A664-4A53-96F5-919216D4E82D}.Debug|Any CPU.ActiveCfg = Debug|Any CPU
		{24822101-A664-4A53-96F5-919216D4E82D}.Debug|Any CPU.Build.0 = Debug|Any CPU
		{24822101-A664-4A53-96F5-919216D4E82D}.Release|Any CPU.ActiveCfg = Release|Any CPU
		{24822101-A664-4A53-96F5-919216D4E82D}.Release|Any CPU.Build.0 = Release|Any CPU
		{73FC3E06-2A06-4205-B5A5-8E0681DDA9B9}.Debug|Any CPU.ActiveCfg = Debug|Any CPU
		{73FC3E06-2A06-4205-B5A5-8E0681DDA9B9}.Debug|Any CPU.Build.0 = Debug|Any CPU
		{73FC3E06-2A06-4205-B5A5-8E0681DDA9B9}.Release|Any CPU.ActiveCfg = Release|Any CPU
		{73FC3E06-2A06-4205-B5A5-8E0681DDA9B9}.Release|Any CPU.Build.0 = Release|Any CPU
		{11E9F27E-D2FC-4B94-B2FE-41B16A3B6488}.Debug|Any CPU.ActiveCfg = Debug|Any CPU
		{11E9F27E-D2FC-4B94-B2FE-41B16A3B6488}.Debug|Any CPU.Build.0 = Debug|Any CPU
		{11E9F27E-D2FC-4B94-B2FE-41B16A3B6488}.Release|Any CPU.ActiveCfg = Release|Any CPU
		{11E9F27E-D2FC-4B94-B2FE-41B16A3B6488}.Release|Any CPU.Build.0 = Release|Any CPU
	EndGlobalSection
EndGlobal
